{
  "name": "@drizzlezhang/cache-router-skill",
  "version": "0.1.1",
  "lockfileVersion": 3,
  "requires": true,
  "packages": {
    "": {
      "name": "@drizzlezhang/cache-router-skill",
      "version": "0.1.1",
      "bin": {
        "cache-router-skill": "src/cli.mjs"
      },
      "devDependencies": {},
      "engines": {
        "node": ">=18.18.0"
      }
    }
  }
}
